
Microsoft Visual Studio Solution File, Format Version 12.00
Project("{FAE04EC0-301F-11D3-BF4B-00C04F79EFBC}") = "server", "server.csproj", "{572CC9E0-2DF5-493A-A4D2-7F79498215CF}"
EndProject
Global
	GlobalSection(SolutionConfigurationPlatforms) = preSolution
		Debug|Any CPU = Debug|Any CPU
		Release|Any CPU = Release|Any CPU
	EndGlobalSection
	GlobalSection(ProjectConfigurationPlatforms) = postSolution
		{572CC9E0-2DF5-493A-A4D2-7F79498215CF}.Debug|Any CPU.ActiveCfg = Debug|Any CPU
		{572CC9E0-2DF5-493A-A4D2-7F79498215CF}.Debug|Any CPU.Build.0 = Debug|Any CPU
		{572CC9E0-2DF5-493A-A4D2-7F79498215CF}.Release|Any CPU.ActiveCfg = Release|Any CPU
		{572CC9E0-2DF5-493A-A4D2-7F79498215CF}.Release|Any CPU.Build.0 = Release|Any CPU
	EndGlobalSection
EndGlobal
